
Microsoft Visual Studio Solution File, Format Version 12.00
# Visual Studio Version 17
VisualStudioVersion = 17.0.32112.339
MinimumVisualStudioVersion = 10.0.40219.1
Project("{FAE04EC0-301F-11D3-BF4B-00C04F79EFBC}") = "Dominisoft.Nokates.Common", "Dominisoft.Nokates.Common\Dominisoft.Nokates.Common.csproj", "{5F02D6F7-09E4-4BE1-B236-88370B8157C2}"
EndProject
Project("{FAE04EC0-301F-11D3-BF4B-00C04F79EFBC}") = "Dominisoft.Nokates.Common.Tests", "Dominisoft.Nokates.Common.Tests\Dominisoft.Nokates.Common.Tests.csproj", "{528FFD83-8FBA-44C7-84A8-7EC4357254EC}"
EndProject
Global
	GlobalSection(SolutionConfigurationPlatforms) = preSolution
		Debug|Any CPU = Debug|Any CPU
		Release|Any CPU = Release|Any CPU
	EndGlobalSection
	GlobalSection(ProjectConfigurationPlatforms) = postSolution
		{5F02D6F7-09E4-4BE1-B236-88370B8157C2}.Debug|Any CPU.ActiveCfg = Debug|Any CPU
		{5F02D6F7-09E4-4BE1-B236-88370B8157C2}.Debug|Any CPU.Build.0 = Debug|Any CPU
		{5F02D6F7-09E4-4BE1-B236-88370B8157C2}.Release|Any CPU.ActiveCfg = Release|Any CPU
		{5F02D6F7-09E4-4BE1-B236-88370B8157C2}.Release|Any CPU.Build.0 = Release|Any CPU
		{528FFD83-8FBA-44C7-84A8-7EC4357254EC}.Debug|Any CPU.ActiveCfg = Debug|Any CPU
		{528FFD83-8FBA-44C7-84A8-7EC4357254EC}.Debug|Any CPU.Build.0 = Debug|Any CPU
		{528FFD83-8FBA-44C7-84A8-7EC4357254EC}.Release|Any CPU.ActiveCfg = Release|Any CPU
		{528FFD83-8FBA-44C7-84A8-7EC4357254EC}.Release|Any CPU.Build.0 = Release|Any CPU
	EndGlobalSection
	GlobalSection(SolutionProperties) = preSolution
		HideSolutionNode = FALSE
	EndGlobalSection
	GlobalSection(ExtensibilityGlobals) = postSolution
		SolutionGuid = {F655846F-EC49-4062-A5AE-C0A1DB31C7C9}
	EndGlobalSection
EndGlobal
